<Solution>
  <Project Path="Biznis/Biznis.csproj" Id="3642e7d6-b6eb-4048-ab6f-ff5b35047e94" />
  <Project Path="DAL/DAL.csproj" Id="dd6b195f-292a-4515-a03c-01177657ad90" />
  <Project Path="DTO/DTO.csproj" Id="2e333f50-aca7-4a42-9a51-e505258f926a" />
  <Project Path="FilmsApp/FilmsApp.csproj" Id="b00c457b-702f-4751-a47d-b6e9b6f1a437" />
</Solution>
